
Microsoft Visual Studio Solution File, Format Version 12.00
# Visual Studio Version 17
VisualStudioVersion = 17.11.35208.52
MinimumVisualStudioVersion = 10.0.40219.1
Project("{FAE04EC0-301F-11D3-BF4B-00C04F79EFBC}") = "hw4", "hw4\hw4.csproj", "{BBC3449E-270E-4A27-AFFA-F2122D3851DA}"
EndProject
Global
	GlobalSection(SolutionConfigurationPlatforms) = preSolution
		Debug|Any CPU = Debug|Any CPU
		Release|Any CPU = Release|Any CPU
	EndGlobalSection
	GlobalSection(ProjectConfigurationPlatforms) = postSolution
		{BBC3449E-270E-4A27-AFFA-F2122D3851DA}.Debug|Any CPU.ActiveCfg = Debug|Any CPU
		{BBC3449E-270E-4A27-AFFA-F2122D3851DA}.Debug|Any CPU.Build.0 = Debug|Any CPU
		{BBC3449E-270E-4A27-AFFA-F2122D3851DA}.Release|Any CPU.ActiveCfg = Release|Any CPU
		{BBC3449E-270E-4A27-AFFA-F2122D3851DA}.Release|Any CPU.Build.0 = Release|Any CPU
	EndGlobalSection
	GlobalSection(SolutionProperties) = preSolution
		HideSolutionNode = FALSE
	EndGlobalSection
	GlobalSection(ExtensibilityGlobals) = postSolution
		SolutionGuid = {225BFEE7-AEB8-4245-A32D-1E4AD40AE7C3}
	EndGlobalSection
EndGlobal
